
Microsoft Visual Studio Solution File, Format Version 12.00
# Visual Studio Version 16
VisualStudioVersion = 16.0.30907.101
MinimumVisualStudioVersion = 10.0.40219.1
Project("{2150E333-8FDC-42A3-9474-1A3956D46DE8}") = "2Days", "2Days", "{0B6A9FE2-136F-4710-A218-1EA336D722CD}"
EndProject
Project("{9A19103F-16F7-4668-BE54-9A1E7A4F7556}") = "Donguler", "Donguler\Donguler.csproj", "{33B8A333-4793-4D94-B6AF-6F4BC5DC7C06}"
EndProject
Project("{9A19103F-16F7-4668-BE54-9A1E7A4F7556}") = "Program", "Program\Program.csproj", "{896E712F-A206-49B3-AF68-17E5FC7007A7}"
EndProject
Project("{9A19103F-16F7-4668-BE54-9A1E7A4F7556}") = "Metodlar", "Metodlar\Metodlar.csproj", "{B28D1430-CE43-46DC-BE1D-14BA9B5163D0}"
EndProject
Project("{2150E333-8FDC-42A3-9474-1A3956D46DE8}") = "3Days", "3Days", "{4DD33146-0867-46F4-BB7C-E4E8EFDF9A49}"
EndProject
Project("{9A19103F-16F7-4668-BE54-9A1E7A4F7556}") = "Matematik", "Matematik\Matematik.csproj", "{866D5D17-4128-4BD3-B5E1-ED8D14134D53}"
EndProject
Project("{9A19103F-16F7-4668-BE54-9A1E7A4F7556}") = "DegerVeReferansTipler", "DegerVeReferansTipler\DegerVeReferansTipler.csproj", "{82279B85-1918-46C3-9DE7-EF143D65A744}"
EndProject
Project("{2150E333-8FDC-42A3-9474-1A3956D46DE8}") = "4Days", "4Days", "{9C3E8B1B-FAC8-4B63-8256-1BFBFBA2E11F}"
EndProject
Project("{FAE04EC0-301F-11D3-BF4B-00C04F79EFBC}") = "KahveDukkanı", "..\KahveDukkanı\KahveDukkanı\KahveDukkanı.csproj", "{9E5CFC39-E2CA-42C2-BD6F-472C2A90B376}"
EndProject
Project("{2150E333-8FDC-42A3-9474-1A3956D46DE8}") = "7Days", "7Days", "{6A5E7C04-35E5-4B43-BB94-62DF7C7AECE0}"
EndProject
Project("{9A19103F-16F7-4668-BE54-9A1E7A4F7556}") = "DataAccess", "DataAccess\DataAccess.csproj", "{A9A9699C-240D-4909-9373-176D28CFA621}"
EndProject
Project("{9A19103F-16F7-4668-BE54-9A1E7A4F7556}") = "Business", "Business\Business.csproj", "{197BDFA5-3C6E-4CDB-BA47-E39D3619C92E}"
EndProject
Project("{9A19103F-16F7-4668-BE54-9A1E7A4F7556}") = "Entities", "Entities\Entities.csproj", "{1A8F39B6-5C4F-4321-92D0-614AA0101CE9}"
EndProject
Project("{9A19103F-16F7-4668-BE54-9A1E7A4F7556}") = "ConsoleUI", "ConsoleUI\ConsoleUI.csproj", "{B802778B-0AF0-4E9B-A298-0563D47299A5}"
EndProject
Project("{2150E333-8FDC-42A3-9474-1A3956D46DE8}") = "Ornekler", "Ornekler", "{0550F6F8-1282-441F-8D05-9946D24BD722}"
EndProject
Project("{9A19103F-16F7-4668-BE54-9A1E7A4F7556}") = "ReferancesType", "ReferancesType\ReferancesType.csproj", "{4F9F663E-2FC0-4F2C-AB0A-3202931E844E}"
EndProject
Project("{9A19103F-16F7-4668-BE54-9A1E7A4F7556}") = "Constructor", "Constructor\Constructor.csproj", "{C7D8D9D6-2EE9-403A-B942-62B563FDB8D7}"
EndProject
Project("{9A19103F-16F7-4668-BE54-9A1E7A4F7556}") = "Generic", "Generic\Generic.csproj", "{BED46DA5-1BE2-413B-9927-4647848D8DDC}"
EndProject
Project("{2150E333-8FDC-42A3-9474-1A3956D46DE8}") = "Ödevler", "Ödevler", "{62C33C48-D870-4BD5-8F58-8A6D6A583AA1}"
EndProject
Project("{9A19103F-16F7-4668-BE54-9A1E7A4F7556}") = "MyDictionary", "MyDictionary\MyDictionary.csproj", "{57012D93-36C7-49A2-9685-15F895EF1496}"
EndProject
Project("{9A19103F-16F7-4668-BE54-9A1E7A4F7556}") = "InterfacesDemo", "InterfacesDemo\InterfacesDemo.csproj", "{9CE5AC1F-6FCF-47B8-8A3E-2C54A660BE90}"
EndProject
Project("{9A19103F-16F7-4668-BE54-9A1E7A4F7556}") = "Inheritance", "Inheritance\Inheritance.csproj", "{DABB5E87-4443-43D9-9947-233EF09C712F}"
EndProject
Project("{9A19103F-16F7-4668-BE54-9A1E7A4F7556}") = "Interfaceswork", "Interfaceswork\Interfaceswork.csproj", "{91D71215-AF8B-4E57-ABD8-A947122D381E}"
EndProject
Project("{9A19103F-16F7-4668-BE54-9A1E7A4F7556}") = "LinqProject", "LinqProject\LinqProject.csproj", "{16FA430F-1C36-4292-BF35-9A30B581B9F4}"
EndProject
Project("{FAE04EC0-301F-11D3-BF4B-00C04F79EFBC}") = "Core", "Core\Core.csproj", "{3C5C52FC-45D9-4640-B0EB-90952C77E918}"
EndProject
Project("{FAE04EC0-301F-11D3-BF4B-00C04F79EFBC}") = "LinqSql", "LinqSql\LinqSql.csproj", "{F1D3D1B9-A237-4250-BB15-69AD5C3D87B6}"
EndProject
Global
	GlobalSection(SolutionConfigurationPlatforms) = preSolution
		Debug|Any CPU = Debug|Any CPU
		Release|Any CPU = Release|Any CPU
	EndGlobalSection
	GlobalSection(ProjectConfigurationPlatforms) = postSolution
		{33B8A333-4793-4D94-B6AF-6F4BC5DC7C06}.Debug|Any CPU.ActiveCfg = Debug|Any CPU
		{33B8A333-4793-4D94-B6AF-6F4BC5DC7C06}.Debug|Any CPU.Build.0 = Debug|Any CPU
		{33B8A333-4793-4D94-B6AF-6F4BC5DC7C06}.Release|Any CPU.ActiveCfg = Release|Any CPU
		{33B8A333-4793-4D94-B6AF-6F4BC5DC7C06}.Release|Any CPU.Build.0 = Release|Any CPU
		{896E712F-A206-49B3-AF68-17E5FC7007A7}.Debug|Any CPU.ActiveCfg = Debug|Any CPU
		{896E712F-A206-49B3-AF68-17E5FC7007A7}.Debug|Any CPU.Build.0 = Debug|Any CPU
		{896E712F-A206-49B3-AF68-17E5FC7007A7}.Release|Any CPU.ActiveCfg = Release|Any CPU
		{896E712F-A206-49B3-AF68-17E5FC7007A7}.Release|Any CPU.Build.0 = Release|Any CPU
		{B28D1430-CE43-46DC-BE1D-14BA9B5163D0}.Debug|Any CPU.ActiveCfg = Debug|Any CPU
		{B28D1430-CE43-46DC-BE1D-14BA9B5163D0}.Debug|Any CPU.Build.0 = Debug|Any CPU
		{B28D1430-CE43-46DC-BE1D-14BA9B5163D0}.Release|Any CPU.ActiveCfg = Release|Any CPU
		{B28D1430-CE43-46DC-BE1D-14BA9B5163D0}.Release|Any CPU.Build.0 = Release|Any CPU
		{866D5D17-4128-4BD3-B5E1-ED8D14134D53}.Debug|Any CPU.ActiveCfg = Debug|Any CPU
		{866D5D17-4128-4BD3-B5E1-ED8D14134D53}.Debug|Any CPU.Build.0 = Debug|Any CPU
		{866D5D17-4128-4BD3-B5E1-ED8D14134D53}.Release|Any CPU.ActiveCfg = Release|Any CPU
		{866D5D17-4128-4BD3-B5E1-ED8D14134D53}.Release|Any CPU.Build.0 = Release|Any CPU
		{82279B85-1918-46C3-9DE7-EF143D65A744}.Debug|Any CPU.ActiveCfg = Debug|Any CPU
		{82279B85-1918-46C3-9DE7-EF143D65A744}.Debug|Any CPU.Build.0 = Debug|Any CPU
		{82279B85-1918-46C3-9DE7-EF143D65A744}.Release|Any CPU.ActiveCfg = Release|Any CPU
		{82279B85-1918-46C3-9DE7-EF143D65A744}.Release|Any CPU.Build.0 = Release|Any CPU
		{9E5CFC39-E2CA-42C2-BD6F-472C2A90B376}.Debug|Any CPU.ActiveCfg = Debug|Any CPU
		{9E5CFC39-E2CA-42C2-BD6F-472C2A90B376}.Debug|Any CPU.Build.0 = Debug|Any CPU
		{9E5CFC39-E2CA-42C2-BD6F-472C2A90B376}.Release|Any CPU.ActiveCfg = Release|Any CPU
		{9E5CFC39-E2CA-42C2-BD6F-472C2A90B376}.Release|Any CPU.Build.0 = Release|Any CPU
		{A9A9699C-240D-4909-9373-176D28CFA621}.Debug|Any CPU.ActiveCfg = Debug|Any CPU
		{A9A9699C-240D-4909-9373-176D28CFA621}.Debug|Any CPU.Build.0 = Debug|Any CPU
		{A9A9699C-240D-4909-9373-176D28CFA621}.Release|Any CPU.ActiveCfg = Release|Any CPU
		{A9A9699C-240D-4909-9373-176D28CFA621}.Release|Any CPU.Build.0 = Release|Any CPU
		{197BDFA5-3C6E-4CDB-BA47-E39D3619C92E}.Debug|Any CPU.ActiveCfg = Debug|Any CPU
		{197BDFA5-3C6E-4CDB-BA47-E39D3619C92E}.Debug|Any CPU.Build.0 = Debug|Any CPU
		{197BDFA5-3C6E-4CDB-BA47-E39D3619C92E}.Release|Any CPU.ActiveCfg = Release|Any CPU
		{197BDFA5-3C6E-4CDB-BA47-E39D3619C92E}.Release|Any CPU.Build.0 = Release|Any CPU
		{1A8F39B6-5C4F-4321-92D0-614AA0101CE9}.Debug|Any CPU.ActiveCfg = Debug|Any CPU
		{1A8F39B6-5C4F-4321-92D0-614AA0101CE9}.Debug|Any CPU.Build.0 = Debug|Any CPU
		{1A8F39B6-5C4F-4321-92D0-614AA0101CE9}.Release|Any CPU.ActiveCfg = Release|Any CPU
		{1A8F39B6-5C4F-4321-92D0-614AA0101CE9}.Release|Any CPU.Build.0 = Release|Any CPU
		{B802778B-0AF0-4E9B-A298-0563D47299A5}.Debug|Any CPU.ActiveCfg = Debug|Any CPU
		{B802778B-0AF0-4E9B-A298-0563D47299A5}.Debug|Any CPU.Build.0 = Debug|Any CPU
		{B802778B-0AF0-4E9B-A298-0563D47299A5}.Release|Any CPU.ActiveCfg = Release|Any CPU
		{B802778B-0AF0-4E9B-A298-0563D47299A5}.Release|Any CPU.Build.0 = Release|Any CPU
		{4F9F663E-2FC0-4F2C-AB0A-3202931E844E}.Debug|Any CPU.ActiveCfg = Debug|Any CPU
		{4F9F663E-2FC0-4F2C-AB0A-3202931E844E}.Debug|Any CPU.Build.0 = Debug|Any CPU
		{4F9F663E-2FC0-4F2C-AB0A-3202931E844E}.Release|Any CPU.ActiveCfg = Release|Any CPU
		{4F9F663E-2FC0-4F2C-AB0A-3202931E844E}.Release|Any CPU.Build.0 = Release|Any CPU
		{C7D8D9D6-2EE9-403A-B942-62B563FDB8D7}.Debug|Any CPU.ActiveCfg = Debug|Any CPU
		{C7D8D9D6-2EE9-403A-B942-62B563FDB8D7}.Debug|Any CPU.Build.0 = Debug|Any CPU
		{C7D8D9D6-2EE9-403A-B942-62B563FDB8D7}.Release|Any CPU.ActiveCfg = Release|Any CPU
		{C7D8D9D6-2EE9-403A-B942-62B563FDB8D7}.Release|Any CPU.Build.0 = Release|Any CPU
		{BED46DA5-1BE2-413B-9927-4647848D8DDC}.Debug|Any CPU.ActiveCfg = Debug|Any CPU
		{BED46DA5-1BE2-413B-9927-4647848D8DDC}.Debug|Any CPU.Build.0 = Debug|Any CPU
		{BED46DA5-1BE2-413B-9927-4647848D8DDC}.Release|Any CPU.ActiveCfg = Release|Any CPU
		{BED46DA5-1BE2-413B-9927-4647848D8DDC}.Release|Any CPU.Build.0 = Release|Any CPU
		{57012D93-36C7-49A2-9685-15F895EF1496}.Debug|Any CPU.ActiveCfg = Debug|Any CPU
		{57012D93-36C7-49A2-9685-15F895EF1496}.Debug|Any CPU.Build.0 = Debug|Any CPU
		{57012D93-36C7-49A2-9685-15F895EF1496}.Release|Any CPU.ActiveCfg = Release|Any CPU
		{57012D93-36C7-49A2-9685-15F895EF1496}.Release|Any CPU.Build.0 = Release|Any CPU
		{9CE5AC1F-6FCF-47B8-8A3E-2C54A660BE90}.Debug|Any CPU.ActiveCfg = Debug|Any CPU
		{9CE5AC1F-6FCF-47B8-8A3E-2C54A660BE90}.Debug|Any CPU.Build.0 = Debug|Any CPU
		{9CE5AC1F-6FCF-47B8-8A3E-2C54A660BE90}.Release|Any CPU.ActiveCfg = Release|Any CPU
		{9CE5AC1F-6FCF-47B8-8A3E-2C54A660BE90}.Release|Any CPU.Build.0 = Release|Any CPU
		{DABB5E87-4443-43D9-9947-233EF09C712F}.Debug|Any CPU.ActiveCfg = Debug|Any CPU
		{DABB5E87-4443-43D9-9947-233EF09C712F}.Debug|Any CPU.Build.0 = Debug|Any CPU
		{DABB5E87-4443-43D9-9947-233EF09C712F}.Release|Any CPU.ActiveCfg = Release|Any CPU
		{DABB5E87-4443-43D9-9947-233EF09C712F}.Release|Any CPU.Build.0 = Release|Any CPU
		{91D71215-AF8B-4E57-ABD8-A947122D381E}.Debug|Any CPU.ActiveCfg = Debug|Any CPU
		{91D71215-AF8B-4E57-ABD8-A947122D381E}.Debug|Any CPU.Build.0 = Debug|Any CPU
		{91D71215-AF8B-4E57-ABD8-A947122D381E}.Release|Any CPU.ActiveCfg = Release|Any CPU
		{91D71215-AF8B-4E57-ABD8-A947122D381E}.Release|Any CPU.Build.0 = Release|Any CPU
		{16FA430F-1C36-4292-BF35-9A30B581B9F4}.Debug|Any CPU.ActiveCfg = Debug|Any CPU
		{16FA430F-1C36-4292-BF35-9A30B581B9F4}.Debug|Any CPU.Build.0 = Debug|Any CPU
		{16FA430F-1C36-4292-BF35-9A30B581B9F4}.Release|Any CPU.ActiveCfg = Release|Any CPU
		{16FA430F-1C36-4292-BF35-9A30B581B9F4}.Release|Any CPU.Build.0 = Release|Any CPU
		{3C5C52FC-45D9-4640-B0EB-90952C77E918}.Debug|Any CPU.ActiveCfg = Debug|Any CPU
		{3C5C52FC-45D9-4640-B0EB-90952C77E918}.Debug|Any CPU.Build.0 = Debug|Any CPU
		{3C5C52FC-45D9-4640-B0EB-90952C77E918}.Release|Any CPU.ActiveCfg = Release|Any CPU
		{3C5C52FC-45D9-4640-B0EB-90952C77E918}.Release|Any CPU.Build.0 = Release|Any CPU
		{F1D3D1B9-A237-4250-BB15-69AD5C3D87B6}.Debug|Any CPU.ActiveCfg = Debug|Any CPU
		{F1D3D1B9-A237-4250-BB15-69AD5C3D87B6}.Debug|Any CPU.Build.0 = Debug|Any CPU
		{F1D3D1B9-A237-4250-BB15-69AD5C3D87B6}.Release|Any CPU.ActiveCfg = Release|Any CPU
		{F1D3D1B9-A237-4250-BB15-69AD5C3D87B6}.Release|Any CPU.Build.0 = Release|Any CPU
	EndGlobalSection
	GlobalSection(SolutionProperties) = preSolution
		HideSolutionNode = FALSE
	EndGlobalSection
	GlobalSection(NestedProjects) = preSolution
		{33B8A333-4793-4D94-B6AF-6F4BC5DC7C06} = {0B6A9FE2-136F-4710-A218-1EA336D722CD}
		{896E712F-A206-49B3-AF68-17E5FC7007A7} = {0B6A9FE2-136F-4710-A218-1EA336D722CD}
		{B28D1430-CE43-46DC-BE1D-14BA9B5163D0} = {4DD33146-0867-46F4-BB7C-E4E8EFDF9A49}
		{866D5D17-4128-4BD3-B5E1-ED8D14134D53} = {4DD33146-0867-46F4-BB7C-E4E8EFDF9A49}
		{82279B85-1918-46C3-9DE7-EF143D65A744} = {4DD33146-0867-46F4-BB7C-E4E8EFDF9A49}
		{9E5CFC39-E2CA-42C2-BD6F-472C2A90B376} = {9C3E8B1B-FAC8-4B63-8256-1BFBFBA2E11F}
		{A9A9699C-240D-4909-9373-176D28CFA621} = {6A5E7C04-35E5-4B43-BB94-62DF7C7AECE0}
		{197BDFA5-3C6E-4CDB-BA47-E39D3619C92E} = {6A5E7C04-35E5-4B43-BB94-62DF7C7AECE0}
		{1A8F39B6-5C4F-4321-92D0-614AA0101CE9} = {6A5E7C04-35E5-4B43-BB94-62DF7C7AECE0}
		{B802778B-0AF0-4E9B-A298-0563D47299A5} = {6A5E7C04-35E5-4B43-BB94-62DF7C7AECE0}
		{4F9F663E-2FC0-4F2C-AB0A-3202931E844E} = {0550F6F8-1282-441F-8D05-9946D24BD722}
		{C7D8D9D6-2EE9-403A-B942-62B563FDB8D7} = {0550F6F8-1282-441F-8D05-9946D24BD722}
		{BED46DA5-1BE2-413B-9927-4647848D8DDC} = {0550F6F8-1282-441F-8D05-9946D24BD722}
		{57012D93-36C7-49A2-9685-15F895EF1496} = {62C33C48-D870-4BD5-8F58-8A6D6A583AA1}
		{9CE5AC1F-6FCF-47B8-8A3E-2C54A660BE90} = {0550F6F8-1282-441F-8D05-9946D24BD722}
		{DABB5E87-4443-43D9-9947-233EF09C712F} = {0550F6F8-1282-441F-8D05-9946D24BD722}
		{91D71215-AF8B-4E57-ABD8-A947122D381E} = {0550F6F8-1282-441F-8D05-9946D24BD722}
		{16FA430F-1C36-4292-BF35-9A30B581B9F4} = {0550F6F8-1282-441F-8D05-9946D24BD722}
		{3C5C52FC-45D9-4640-B0EB-90952C77E918} = {6A5E7C04-35E5-4B43-BB94-62DF7C7AECE0}
		{F1D3D1B9-A237-4250-BB15-69AD5C3D87B6} = {0550F6F8-1282-441F-8D05-9946D24BD722}
	EndGlobalSection
	GlobalSection(ExtensibilityGlobals) = postSolution
		SolutionGuid = {8319DDA3-71C6-4D8B-8546-2A33BE73E169}
	EndGlobalSection
EndGlobal
